
Microsoft Visual Studio Solution File, Format Version 12.00
# Visual Studio Version 17
VisualStudioVersion = 17.6.33723.286
MinimumVisualStudioVersion = 10.0.40219.1
Project("{9A19103F-16F7-4668-BE54-9A1E7A4F7556}") = "Fast Swimmer", "Fast Swimmer.csproj", "{C8D06DC7-76DD-495A-8D97-0265F9703908}"
EndProject
Global
	GlobalSection(SolutionConfigurationPlatforms) = preSolution
		Debug|Any CPU = Debug|Any CPU
		Release|Any CPU = Release|Any CPU
	EndGlobalSection
	GlobalSection(ProjectConfigurationPlatforms) = postSolution
		{C8D06DC7-76DD-495A-8D97-0265F9703908}.Debug|Any CPU.ActiveCfg = Debug|Any CPU
		{C8D06DC7-76DD-495A-8D97-0265F9703908}.Debug|Any CPU.Build.0 = Debug|Any CPU
		{C8D06DC7-76DD-495A-8D97-0265F9703908}.Release|Any CPU.ActiveCfg = Release|Any CPU
		{C8D06DC7-76DD-495A-8D97-0265F9703908}.Release|Any CPU.Build.0 = Release|Any CPU
	EndGlobalSection
	GlobalSection(SolutionProperties) = preSolution
		HideSolutionNode = FALSE
	EndGlobalSection
	GlobalSection(ExtensibilityGlobals) = postSolution
		SolutionGuid = {9AC414F2-4025-4F6E-AD21-0E1F9CCB77C1}
	EndGlobalSection
EndGlobal
